// !$*UTF8*$!
{
	archiveVersion = 1;
	classes = {
	};
	objectVersion = 48;
	objects = {

/* Begin PBXBuildFile section */
		4F6871A0090C97AE1AF9A5C4 /* Pods_TodoRedux.framework in Frameworks */ = {isa = PBXBuildFile; fileRef = F7867B5B43E189A8CFF21176 /* Pods_TodoRedux.framework */; };
		83EF791831962205C7B4DC6F /* Pods_TodoReduxUITests.framework in Frameworks */ = {isa = PBXBuildFile; fileRef = 12708111D42E728920333AB8 /* Pods_TodoReduxUITests.framework */; };
		85CD862C4E220BA1B41B73EA /* Pods_TodoReduxTests.framework in Frameworks */ = {isa = PBXBuildFile; fileRef = C19F030B21CF457DEABC91AF /* Pods_TodoReduxTests.framework */; };
		F1055A501FDA1BDA001FD06F /* TodoItem+CoreDataClass.swift in Sources */ = {isa = PBXBuildFile; fileRef = F1055A4F1FDA1BDA001FD06F /* TodoItem+CoreDataClass.swift */; };
		F1055A521FDA1BDE001FD06F /* TodoItem+CoreDataProperties.swift in Sources */ = {isa = PBXBuildFile; fileRef = F1055A511FDA1BDE001FD06F /* TodoItem+CoreDataProperties.swift */; };
		F1055A611FDA8E79001FD06F /* TodoReduxKit.framework in Frameworks */ = {isa = PBXBuildFile; fileRef = F1055A581FDA8E78001FD06F /* TodoReduxKit.framework */; };
		F1055A681FDA8E79001FD06F /* TodoReduxKitTests.swift in Sources */ = {isa = PBXBuildFile; fileRef = F1055A671FDA8E79001FD06F /* TodoReduxKitTests.swift */; };
		F1055A6A1FDA8E79001FD06F /* TodoReduxKit.h in Headers */ = {isa = PBXBuildFile; fileRef = F1055A5A1FDA8E78001FD06F /* TodoReduxKit.h */; settings = {ATTRIBUTES = (Public, ); }; };
		F1055A6D1FDA8E79001FD06F /* TodoReduxKit.framework in Frameworks */ = {isa = PBXBuildFile; fileRef = F1055A581FDA8E78001FD06F /* TodoReduxKit.framework */; };
		F1055A6E1FDA8E79001FD06F /* TodoReduxKit.framework in Embed Frameworks */ = {isa = PBXBuildFile; fileRef = F1055A581FDA8E78001FD06F /* TodoReduxKit.framework */; settings = {ATTRIBUTES = (CodeSignOnCopy, RemoveHeadersOnCopy, ); }; };
		F1055A761FDA8E82001FD06F /* TodoItem+CoreDataProperties.swift in Sources */ = {isa = PBXBuildFile; fileRef = F1055A511FDA1BDE001FD06F /* TodoItem+CoreDataProperties.swift */; };
		F1055A771FDA8E87001FD06F /* TodoItem+CoreDataClass.swift in Sources */ = {isa = PBXBuildFile; fileRef = F1055A4F1FDA1BDA001FD06F /* TodoItem+CoreDataClass.swift */; };
		F1055A781FDA8E8B001FD06F /* TodoRedux.xcdatamodeld in Sources */ = {isa = PBXBuildFile; fileRef = F18E92581FD4CF9D00553597 /* TodoRedux.xcdatamodeld */; };
		F18E92521FD4CF9D00553597 /* AppDelegate.swift in Sources */ = {isa = PBXBuildFile; fileRef = F18E92511FD4CF9D00553597 /* AppDelegate.swift */; };
		F18E92541FD4CF9D00553597 /* ViewController.swift in Sources */ = {isa = PBXBuildFile; fileRef = F18E92531FD4CF9D00553597 /* ViewController.swift */; };
		F18E92571FD4CF9D00553597 /* Main.storyboard in Resources */ = {isa = PBXBuildFile; fileRef = F18E92551FD4CF9D00553597 /* Main.storyboard */; };
		F18E925A1FD4CF9D00553597 /* TodoRedux.xcdatamodeld in Sources */ = {isa = PBXBuildFile; fileRef = F18E92581FD4CF9D00553597 /* TodoRedux.xcdatamodeld */; };
		F18E925C1FD4CF9D00553597 /* Assets.xcassets in Resources */ = {isa = PBXBuildFile; fileRef = F18E925B1FD4CF9D00553597 /* Assets.xcassets */; };
		F18E925F1FD4CF9D00553597 /* LaunchScreen.storyboard in Resources */ = {isa = PBXBuildFile; fileRef = F18E925D1FD4CF9D00553597 /* LaunchScreen.storyboard */; };
		F18E926A1FD4CF9D00553597 /* TodoReduxTests.swift in Sources */ = {isa = PBXBuildFile; fileRef = F18E92691FD4CF9D00553597 /* TodoReduxTests.swift */; };
		F18E92751FD4CF9D00553597 /* TodoReduxUITests.swift in Sources */ = {isa = PBXBuildFile; fileRef = F18E92741FD4CF9D00553597 /* TodoReduxUITests.swift */; };
/* End PBXBuildFile section */

/* Begin PBXContainerItemProxy section */
		F1055A621FDA8E79001FD06F /* PBXContainerItemProxy */ = {
			isa = PBXContainerItemProxy;
			containerPortal = F18E92461FD4CF9D00553597 /* Project object */;
			proxyType = 1;
			remoteGlobalIDString = F1055A571FDA8E78001FD06F;
			remoteInfo = TodoReduxKit;
		};
		F1055A641FDA8E79001FD06F /* PBXContainerItemProxy */ = {
			isa = PBXContainerItemProxy;
			containerPortal = F18E92461FD4CF9D00553597 /* Project object */;
			proxyType = 1;
			remoteGlobalIDString = F18E924D1FD4CF9D00553597;
			remoteInfo = TodoRedux;
		};
		F1055A6B1FDA8E79001FD06F /* PBXContainerItemProxy */ = {
			isa = PBXContainerItemProxy;
			containerPortal = F18E92461FD4CF9D00553597 /* Project object */;
			proxyType = 1;
			remoteGlobalIDString = F1055A571FDA8E78001FD06F;
			remoteInfo = TodoReduxKit;
		};
		F18E92661FD4CF9D00553597 /* PBXContainerItemProxy */ = {
			isa = PBXContainerItemProxy;
			containerPortal = F18E92461FD4CF9D00553597 /* Project object */;
			proxyType = 1;
			remoteGlobalIDString = F18E924D1FD4CF9D00553597;
			remoteInfo = TodoRedux;
		};
		F18E92711FD4CF9D00553597 /* PBXContainerItemProxy */ = {
			isa = PBXContainerItemProxy;
			containerPortal = F18E92461FD4CF9D00553597 /* Project object */;
			proxyType = 1;
			remoteGlobalIDString = F18E924D1FD4CF9D00553597;
			remoteInfo = TodoRedux;
		};
/* End PBXContainerItemProxy section */

/* Begin PBXCopyFilesBuildPhase section */
		F1055A741FDA8E79001FD06F /* Embed Frameworks */ = {
			isa = PBXCopyFilesBuildPhase;
			buildActionMask = 2147483647;
			dstPath = "";
			dstSubfolderSpec = 10;
			files = (
				F1055A6E1FDA8E79001FD06F /* TodoReduxKit.framework in Embed Frameworks */,
			);
			name = "Embed Frameworks";
			runOnlyForDeploymentPostprocessing = 0;
		};
/* End PBXCopyFilesBuildPhase section */

/* Begin PBXFileReference section */
		12708111D42E728920333AB8 /* Pods_TodoReduxUITests.framework */ = {isa = PBXFileReference; explicitFileType = wrapper.framework; includeInIndex = 0; path = Pods_TodoReduxUITests.framework; sourceTree = BUILT_PRODUCTS_DIR; };
		376285D1153ECE8D6EEEE26E /* Pods-TodoRedux.release.xcconfig */ = {isa = PBXFileReference; includeInIndex = 1; lastKnownFileType = text.xcconfig; name = "Pods-TodoRedux.release.xcconfig"; path = "Pods/Target Support Files/Pods-TodoRedux/Pods-TodoRedux.release.xcconfig"; sourceTree = "<group>"; };
		81F0C3937A0C7A00502E82A0 /* Pods-TodoReduxUITests.debug.xcconfig */ = {isa = PBXFileReference; includeInIndex = 1; lastKnownFileType = text.xcconfig; name = "Pods-TodoReduxUITests.debug.xcconfig"; path = "Pods/Target Support Files/Pods-TodoReduxUITests/Pods-TodoReduxUITests.debug.xcconfig"; sourceTree = "<group>"; };
		8CA8FC2730C417060B069CBC /* Pods-TodoReduxTests.release.xcconfig */ = {isa = PBXFileReference; includeInIndex = 1; lastKnownFileType = text.xcconfig; name = "Pods-TodoReduxTests.release.xcconfig"; path = "Pods/Target Support Files/Pods-TodoReduxTests/Pods-TodoReduxTests.release.xcconfig"; sourceTree = "<group>"; };
		B590080730A23DC680321D04 /* Pods-TodoRedux.debug.xcconfig */ = {isa = PBXFileReference; includeInIndex = 1; lastKnownFileType = text.xcconfig; name = "Pods-TodoRedux.debug.xcconfig"; path = "Pods/Target Support Files/Pods-TodoRedux/Pods-TodoRedux.debug.xcconfig"; sourceTree = "<group>"; };
		C19F030B21CF457DEABC91AF /* Pods_TodoReduxTests.framework */ = {isa = PBXFileReference; explicitFileType = wrapper.framework; includeInIndex = 0; path = Pods_TodoReduxTests.framework; sourceTree = BUILT_PRODUCTS_DIR; };
		ED19BDD6E1315BCE40BB0D79 /* Pods-TodoReduxUITests.release.xcconfig */ = {isa = PBXFileReference; includeInIndex = 1; lastKnownFileType = text.xcconfig; name = "Pods-TodoReduxUITests.release.xcconfig"; path = "Pods/Target Support Files/Pods-TodoReduxUITests/Pods-TodoReduxUITests.release.xcconfig"; sourceTree = "<group>"; };
		F1055A4F1FDA1BDA001FD06F /* TodoItem+CoreDataClass.swift */ = {isa = PBXFileReference; fileEncoding = 4; lastKnownFileType = sourcecode.swift; path = "TodoItem+CoreDataClass.swift"; sourceTree = SOURCE_ROOT; };
		F1055A511FDA1BDE001FD06F /* TodoItem+CoreDataProperties.swift */ = {isa = PBXFileReference; lastKnownFileType = sourcecode.swift; name = "TodoItem+CoreDataProperties.swift"; path = "/Users/ahalls/Work/GaltsoftGitHub/TodoRedux/TodoRedux/TodoRedux/Model/TodoItem+CoreDataProperties.swift"; sourceTree = "<absolute>"; };
		F1055A581FDA8E78001FD06F /* TodoReduxKit.framework */ = {isa = PBXFileReference; explicitFileType = wrapper.framework; includeInIndex = 0; path = TodoReduxKit.framework; sourceTree = BUILT_PRODUCTS_DIR; };
		F1055A5A1FDA8E78001FD06F /* TodoReduxKit.h */ = {isa = PBXFileReference; lastKnownFileType = sourcecode.c.h; path = TodoReduxKit.h; sourceTree = "<group>"; };
		F1055A5B1FDA8E78001FD06F /* Info.plist */ = {isa = PBXFileReference; lastKnownFileType = text.plist.xml; path = Info.plist; sourceTree = "<group>"; };
		F1055A601FDA8E79001FD06F /* TodoReduxKitTests.xctest */ = {isa = PBXFileReference; explicitFileType = wrapper.cfbundle; includeInIndex = 0; path = TodoReduxKitTests.xctest; sourceTree = BUILT_PRODUCTS_DIR; };
		F1055A671FDA8E79001FD06F /* TodoReduxKitTests.swift */ = {isa = PBXFileReference; lastKnownFileType = sourcecode.swift; path = TodoReduxKitTests.swift; sourceTree = "<group>"; };
		F1055A691FDA8E79001FD06F /* Info.plist */ = {isa = PBXFileReference; lastKnownFileType = text.plist.xml; path = Info.plist; sourceTree = "<group>"; };
		F18E924E1FD4CF9D00553597 /* TodoRedux.app */ = {isa = PBXFileReference; explicitFileType = wrapper.application; includeInIndex = 0; path = TodoRedux.app; sourceTree = BUILT_PRODUCTS_DIR; };
		F18E92511FD4CF9D00553597 /* AppDelegate.swift */ = {isa = PBXFileReference; lastKnownFileType = sourcecode.swift; path = AppDelegate.swift; sourceTree = "<group>"; };
		F18E92531FD4CF9D00553597 /* ViewController.swift */ = {isa = PBXFileReference; lastKnownFileType = sourcecode.swift; path = ViewController.swift; sourceTree = "<group>"; };
		F18E92561FD4CF9D00553597 /* Base */ = {isa = PBXFileReference; lastKnownFileType = file.storyboard; name = Base; path = Base.lproj/Main.storyboard; sourceTree = "<group>"; };
		F18E92591FD4CF9D00553597 /* TodoRedux.xcdatamodel */ = {isa = PBXFileReference; lastKnownFileType = wrapper.xcdatamodel; path = TodoRedux.xcdatamodel; sourceTree = "<group>"; };
		F18E925B1FD4CF9D00553597 /* Assets.xcassets */ = {isa = PBXFileReference; lastKnownFileType = folder.assetcatalog; path = Assets.xcassets; sourceTree = "<group>"; };
		F18E925E1FD4CF9D00553597 /* Base */ = {isa = PBXFileReference; lastKnownFileType = file.storyboard; name = Base; path = Base.lproj/LaunchScreen.storyboard; sourceTree = "<group>"; };
		F18E92601FD4CF9D00553597 /* Info.plist */ = {isa = PBXFileReference; lastKnownFileType = text.plist.xml; path = Info.plist; sourceTree = "<group>"; };
		F18E92651FD4CF9D00553597 /* TodoReduxTests.xctest */ = {isa = PBXFileReference; explicitFileType = wrapper.cfbundle; includeInIndex = 0; path = TodoReduxTests.xctest; sourceTree = BUILT_PRODUCTS_DIR; };
		F18E92691FD4CF9D00553597 /* TodoReduxTests.swift */ = {isa = PBXFileReference; lastKnownFileType = sourcecode.swift; path = TodoReduxTests.swift; sourceTree = "<group>"; };
		F18E926B1FD4CF9D00553597 /* Info.plist */ = {isa = PBXFileReference; lastKnownFileType = text.plist.xml; path = Info.plist; sourceTree = "<group>"; };
		F18E92701FD4CF9D00553597 /* TodoReduxUITests.xctest */ = {isa = PBXFileReference; explicitFileType = wrapper.cfbundle; includeInIndex = 0; path = TodoReduxUITests.xctest; sourceTree = BUILT_PRODUCTS_DIR; };
		F18E92741FD4CF9D00553597 /* TodoReduxUITests.swift */ = {isa = PBXFileReference; lastKnownFileType = sourcecode.swift; path = TodoReduxUITests.swift; sourceTree = "<group>"; };
		F18E92761FD4CF9D00553597 /* Info.plist */ = {isa = PBXFileReference; lastKnownFileType = text.plist.xml; path = Info.plist; sourceTree = "<group>"; };
		F72349B1E8E2DF69E57A4C1D /* Pods-TodoReduxTests.debug.xcconfig */ = {isa = PBXFileReference; includeInIndex = 1; lastKnownFileType = text.xcconfig; name = "Pods-TodoReduxTests.debug.xcconfig"; path = "Pods/Target Support Files/Pods-TodoReduxTests/Pods-TodoReduxTests.debug.xcconfig"; sourceTree = "<group>"; };
		F7867B5B43E189A8CFF21176 /* Pods_TodoRedux.framework */ = {isa = PBXFileReference; explicitFileType = wrapper.framework; includeInIndex = 0; path = Pods_TodoRedux.framework; sourceTree = BUILT_PRODUCTS_DIR; };
/* End PBXFileReference section */

/* Begin PBXFrameworksBuildPhase section */
		F1055A541FDA8E78001FD06F /* Frameworks */ = {
			isa = PBXFrameworksBuildPhase;
			buildActionMask = 2147483647;
			files = (
			);
			runOnlyForDeploymentPostprocessing = 0;
		};
		F1055A5D1FDA8E79001FD06F /* Frameworks */ = {
			isa = PBXFrameworksBuildPhase;
			buildActionMask = 2147483647;
			files = (
				F1055A611FDA8E79001FD06F /* TodoReduxKit.framework in Frameworks */,
			);
			runOnlyForDeploymentPostprocessing = 0;
		};
		F18E924B1FD4CF9D00553597 /* Frameworks */ = {
			isa = PBXFrameworksBuildPhase;
			buildActionMask = 2147483647;
			files = (
				F1055A6D1FDA8E79001FD06F /* TodoReduxKit.framework in Frameworks */,
				4F6871A0090C97AE1AF9A5C4 /* Pods_TodoRedux.framework in Frameworks */,
			);
			runOnlyForDeploymentPostprocessing = 0;
		};
		F18E92621FD4CF9D00553597 /* Frameworks */ = {
			isa = PBXFrameworksBuildPhase;
			buildActionMask = 2147483647;
			files = (
				85CD862C4E220BA1B41B73EA /* Pods_TodoReduxTests.framework in Frameworks */,
			);
			runOnlyForDeploymentPostprocessing = 0;
		};
		F18E926D1FD4CF9D00553597 /* Frameworks */ = {
			isa = PBXFrameworksBuildPhase;
			buildActionMask = 2147483647;
			files = (
				83EF791831962205C7B4DC6F /* Pods_TodoReduxUITests.framework in Frameworks */,
			);
			runOnlyForDeploymentPostprocessing = 0;
		};
/* End PBXFrameworksBuildPhase section */

/* Begin PBXGroup section */
		65186C3C222F139A9EE1D97C /* Frameworks */ = {
			isa = PBXGroup;
			children = (
				F7867B5B43E189A8CFF21176 /* Pods_TodoRedux.framework */,
				C19F030B21CF457DEABC91AF /* Pods_TodoReduxTests.framework */,
				12708111D42E728920333AB8 /* Pods_TodoReduxUITests.framework */,
			);
			name = Frameworks;
			sourceTree = "<group>";
		};
		E5E452161DA97B8F17956D75 /* Pods */ = {
			isa = PBXGroup;
			children = (
				B590080730A23DC680321D04 /* Pods-TodoRedux.debug.xcconfig */,
				376285D1153ECE8D6EEEE26E /* Pods-TodoRedux.release.xcconfig */,
				F72349B1E8E2DF69E57A4C1D /* Pods-TodoReduxTests.debug.xcconfig */,
				8CA8FC2730C417060B069CBC /* Pods-TodoReduxTests.release.xcconfig */,
				81F0C3937A0C7A00502E82A0 /* Pods-TodoReduxUITests.debug.xcconfig */,
				ED19BDD6E1315BCE40BB0D79 /* Pods-TodoReduxUITests.release.xcconfig */,
			);
			name = Pods;
			sourceTree = "<group>";
		};
		F1055A591FDA8E78001FD06F /* TodoReduxKit */ = {
			isa = PBXGroup;
			children = (
				F1055A5A1FDA8E78001FD06F /* TodoReduxKit.h */,
				F1055A5B1FDA8E78001FD06F /* Info.plist */,
			);
			path = TodoReduxKit;
			sourceTree = "<group>";
		};
		F1055A661FDA8E79001FD06F /* TodoReduxKitTests */ = {
			isa = PBXGroup;
			children = (
				F1055A671FDA8E79001FD06F /* TodoReduxKitTests.swift */,
				F1055A691FDA8E79001FD06F /* Info.plist */,
			);
			path = TodoReduxKitTests;
			sourceTree = "<group>";
		};
		F141CE611FD54703003E2E12 /* Model */ = {
			isa = PBXGroup;
			children = (
				F1055A511FDA1BDE001FD06F /* TodoItem+CoreDataProperties.swift */,
				F1055A4F1FDA1BDA001FD06F /* TodoItem+CoreDataClass.swift */,
				F18E92581FD4CF9D00553597 /* TodoRedux.xcdatamodeld */,
			);
			path = Model;
			sourceTree = "<group>";
		};
		F18E92451FD4CF9D00553597 = {
			isa = PBXGroup;
			children = (
				F18E92501FD4CF9D00553597 /* TodoRedux */,
				F18E92681FD4CF9D00553597 /* TodoReduxTests */,
				F18E92731FD4CF9D00553597 /* TodoReduxUITests */,
				F1055A591FDA8E78001FD06F /* TodoReduxKit */,
				F1055A661FDA8E79001FD06F /* TodoReduxKitTests */,
				F18E924F1FD4CF9D00553597 /* Products */,
				E5E452161DA97B8F17956D75 /* Pods */,
				65186C3C222F139A9EE1D97C /* Frameworks */,
			);
			sourceTree = "<group>";
		};
		F18E924F1FD4CF9D00553597 /* Products */ = {
			isa = PBXGroup;
			children = (
				F18E924E1FD4CF9D00553597 /* TodoRedux.app */,
				F18E92651FD4CF9D00553597 /* TodoReduxTests.xctest */,
				F18E92701FD4CF9D00553597 /* TodoReduxUITests.xctest */,
				F1055A581FDA8E78001FD06F /* TodoReduxKit.framework */,
				F1055A601FDA8E79001FD06F /* TodoReduxKitTests.xctest */,
			);
			name = Products;
			sourceTree = "<group>";
		};
		F18E92501FD4CF9D00553597 /* TodoRedux */ = {
			isa = PBXGroup;
			children = (
				F141CE611FD54703003E2E12 /* Model */,
				F18E92511FD4CF9D00553597 /* AppDelegate.swift */,
				F18E92531FD4CF9D00553597 /* ViewController.swift */,
				F18E92551FD4CF9D00553597 /* Main.storyboard */,
				F18E925B1FD4CF9D00553597 /* Assets.xcassets */,
				F18E925D1FD4CF9D00553597 /* LaunchScreen.storyboard */,
				F18E92601FD4CF9D00553597 /* Info.plist */,
			);
			path = TodoRedux;
			sourceTree = "<group>";
		};
		F18E92681FD4CF9D00553597 /* TodoReduxTests */ = {
			isa = PBXGroup;
			children = (
				F18E92691FD4CF9D00553597 /* TodoReduxTests.swift */,
				F18E926B1FD4CF9D00553597 /* Info.plist */,
			);
			path = TodoReduxTests;
			sourceTree = "<group>";
		};
		F18E92731FD4CF9D00553597 /* TodoReduxUITests */ = {
			isa = PBXGroup;
			children = (
				F18E92741FD4CF9D00553597 /* TodoReduxUITests.swift */,
				F18E92761FD4CF9D00553597 /* Info.plist */,
			);
			path = TodoReduxUITests;
			sourceTree = "<group>";
		};
/* End PBXGroup section */

/* Begin PBXHeadersBuildPhase section */
		F1055A551FDA8E78001FD06F /* Headers */ = {
			isa = PBXHeadersBuildPhase;
			buildActionMask = 2147483647;
			files = (
				F1055A6A1FDA8E79001FD06F /* TodoReduxKit.h in Headers */,
			);
			runOnlyForDeploymentPostprocessing = 0;
		};
/* End PBXHeadersBuildPhase section */

/* Begin PBXNativeTarget section */
		F1055A571FDA8E78001FD06F /* TodoReduxKit */ = {
			isa = PBXNativeTarget;
			buildConfigurationList = F1055A731FDA8E79001FD06F /* Build configuration list for PBXNativeTarget "TodoReduxKit" */;
			buildPhases = (
				F1055A531FDA8E78001FD06F /* Sources */,
				F1055A541FDA8E78001FD06F /* Frameworks */,
				F1055A551FDA8E78001FD06F /* Headers */,
				F1055A561FDA8E78001FD06F /* Resources */,
			);
			buildRules = (
			);
			dependencies = (
			);
			name = TodoReduxKit;
			productName = TodoReduxKit;
			productReference = F1055A581FDA8E78001FD06F /* TodoReduxKit.framework */;
			productType = "com.apple.product-type.framework";
		};
		F1055A5F1FDA8E79001FD06F /* TodoReduxKitTests */ = {
			isa = PBXNativeTarget;
			buildConfigurationList = F1055A751FDA8E79001FD06F /* Build configuration list for PBXNativeTarget "TodoReduxKitTests" */;
			buildPhases = (
				F1055A5C1FDA8E79001FD06F /* Sources */,
				F1055A5D1FDA8E79001FD06F /* Frameworks */,
				F1055A5E1FDA8E79001FD06F /* Resources */,
			);
			buildRules = (
			);
			dependencies = (
				F1055A631FDA8E79001FD06F /* PBXTargetDependency */,
				F1055A651FDA8E79001FD06F /* PBXTargetDependency */,
			);
			name = TodoReduxKitTests;
			productName = TodoReduxKitTests;
			productReference = F1055A601FDA8E79001FD06F /* TodoReduxKitTests.xctest */;
			productType = "com.apple.product-type.bundle.unit-test";
		};
		F18E924D1FD4CF9D00553597 /* TodoRedux */ = {
			isa = PBXNativeTarget;
			buildConfigurationList = F18E92791FD4CF9D00553597 /* Build configuration list for PBXNativeTarget "TodoRedux" */;
			buildPhases = (
				9C246EAA6EA36DD966580A63 /* [CP] Check Pods Manifest.lock */,
				F18E924A1FD4CF9D00553597 /* Sources */,
				F18E924B1FD4CF9D00553597 /* Frameworks */,
				F18E924C1FD4CF9D00553597 /* Resources */,
				7DC11E4F0E88EAC3761CD917 /* [CP] Embed Pods Frameworks */,
				632FB2D8E6C02CB24B95DC2F /* [CP] Copy Pods Resources */,
				F1055A741FDA8E79001FD06F /* Embed Frameworks */,
			);
			buildRules = (
			);
			dependencies = (
				F1055A6C1FDA8E79001FD06F /* PBXTargetDependency */,
			);
			name = TodoRedux;
			productName = TodoRedux;
			productReference = F18E924E1FD4CF9D00553597 /* TodoRedux.app */;
			productType = "com.apple.product-type.application";
		};
		F18E92641FD4CF9D00553597 /* TodoReduxTests */ = {
			isa = PBXNativeTarget;
			buildConfigurationList = F18E927C1FD4CF9D00553597 /* Build configuration list for PBXNativeTarget "TodoReduxTests" */;
			buildPhases = (
				8C8B807BA9CAB28C9439E43C /* [CP] Check Pods Manifest.lock */,
				F18E92611FD4CF9D00553597 /* Sources */,
				F18E92621FD4CF9D00553597 /* Frameworks */,
				F18E92631FD4CF9D00553597 /* Resources */,
				24C66057F51183B10BD585B2 /* [CP] Embed Pods Frameworks */,
				D8524966927DAFB3DB41B9B4 /* [CP] Copy Pods Resources */,
			);
			buildRules = (
			);
			dependencies = (
				F18E92671FD4CF9D00553597 /* PBXTargetDependency */,
			);
			name = TodoReduxTests;
			productName = TodoReduxTests;
			productReference = F18E92651FD4CF9D00553597 /* TodoReduxTests.xctest */;
			productType = "com.apple.product-type.bundle.unit-test";
		};
		F18E926F1FD4CF9D00553597 /* TodoReduxUITests */ = {
			isa = PBXNativeTarget;
			buildConfigurationList = F18E927F1FD4CF9D00553597 /* Build configuration list for PBXNativeTarget "TodoReduxUITests" */;
			buildPhases = (
				8FC888C76BA16B5461A8C77D /* [CP] Check Pods Manifest.lock */,
				F18E926C1FD4CF9D00553597 /* Sources */,
				F18E926D1FD4CF9D00553597 /* Frameworks */,
				F18E926E1FD4CF9D00553597 /* Resources */,
				31D768F8E7C716834EEB54A5 /* [CP] Embed Pods Frameworks */,
				F6CD723130D3A56554C9C6CA /* [CP] Copy Pods Resources */,
			);
			buildRules = (
			);
			dependencies = (
				F18E92721FD4CF9D00553597 /* PBXTargetDependency */,
			);
			name = TodoReduxUITests;
			productName = TodoReduxUITests;
			productReference = F18E92701FD4CF9D00553597 /* TodoReduxUITests.xctest */;
			productType = "com.apple.product-type.bundle.ui-testing";
		};
/* End PBXNativeTarget section */

/* Begin PBXProject section */
		F18E92461FD4CF9D00553597 /* Project object */ = {
			isa = PBXProject;
			attributes = {
				LastSwiftUpdateCheck = 0920;
				LastUpgradeCheck = 0910;
				ORGANIZATIONNAME = "Andrew Halls";
				TargetAttributes = {
					F1055A571FDA8E78001FD06F = {
						CreatedOnToolsVersion = 9.2;
						ProvisioningStyle = Automatic;
					};
					F1055A5F1FDA8E79001FD06F = {
						CreatedOnToolsVersion = 9.2;
						ProvisioningStyle = Automatic;
						TestTargetID = F18E924D1FD4CF9D00553597;
					};
					F18E924D1FD4CF9D00553597 = {
						CreatedOnToolsVersion = 9.1;
						ProvisioningStyle = Automatic;
					};
					F18E92641FD4CF9D00553597 = {
						CreatedOnToolsVersion = 9.1;
						ProvisioningStyle = Automatic;
						TestTargetID = F18E924D1FD4CF9D00553597;
					};
					F18E926F1FD4CF9D00553597 = {
						CreatedOnToolsVersion = 9.1;
						ProvisioningStyle = Automatic;
						TestTargetID = F18E924D1FD4CF9D00553597;
					};
				};
			};
			buildConfigurationList = F18E92491FD4CF9D00553597 /* Build configuration list for PBXProject "TodoRedux" */;
			compatibilityVersion = "Xcode 8.0";
			developmentRegion = en;
			hasScannedForEncodings = 0;
			knownRegions = (
				en,
				Base,
			);
			mainGroup = F18E92451FD4CF9D00553597;
			productRefGroup = F18E924F1FD4CF9D00553597 /* Products */;
			projectDirPath = "";
			projectRoot = "";
			targets = (
				F18E924D1FD4CF9D00553597 /* TodoRedux */,
				F18E92641FD4CF9D00553597 /* TodoReduxTests */,
				F18E926F1FD4CF9D00553597 /* TodoReduxUITests */,
				F1055A571FDA8E78001FD06F /* TodoReduxKit */,
				F1055A5F1FDA8E79001FD06F /* TodoReduxKitTests */,
			);
		};
/* End PBXProject section */

/* Begin PBXResourcesBuildPhase section */
		F1055A561FDA8E78001FD06F /* Resources */ = {
			isa = PBXResourcesBuildPhase;
			buildActionMask = 2147483647;
			files = (
			);
			runOnlyForDeploymentPostprocessing = 0;
		};
		F1055A5E1FDA8E79001FD06F /* Resources */ = {
			isa = PBXResourcesBuildPhase;
			buildActionMask = 2147483647;
			files = (
			);
			runOnlyForDeploymentPostprocessing = 0;
		};
		F18E924C1FD4CF9D00553597 /* Resources */ = {
			isa = PBXResourcesBuildPhase;
			buildActionMask = 2147483647;
			files = (
				F18E925F1FD4CF9D00553597 /* LaunchScreen.storyboard in Resources */,
				F18E925C1FD4CF9D00553597 /* Assets.xcassets in Resources */,
				F18E92571FD4CF9D00553597 /* Main.storyboard in Resources */,
			);
			runOnlyForDeploymentPostprocessing = 0;
		};
		F18E92631FD4CF9D00553597 /* Resources */ = {
			isa = PBXResourcesBuildPhase;
			buildActionMask = 2147483647;
			files = (
			);
			runOnlyForDeploymentPostprocessing = 0;
		};
		F18E926E1FD4CF9D00553597 /* Resources */ = {
			isa = PBXResourcesBuildPhase;
			buildActionMask = 2147483647;
			files = (
			);
			runOnlyForDeploymentPostprocessing = 0;
		};
/* End PBXResourcesBuildPhase section */

/* Begin PBXShellScriptBuildPhase section */
		24C66057F51183B10BD585B2 /* [CP] Embed Pods Frameworks */ = {
			isa = PBXShellScriptBuildPhase;
			buildActionMask = 2147483647;
			files = (
			);
			inputPaths = (
			);
			name = "[CP] Embed Pods Frameworks";
			outputPaths = (
			);
			runOnlyForDeploymentPostprocessing = 0;
			shellPath = /bin/sh;
			shellScript = "\"${SRCROOT}/Pods/Target Support Files/Pods-TodoReduxTests/Pods-TodoReduxTests-frameworks.sh\"\n";
			showEnvVarsInLog = 0;
		};
		31D768F8E7C716834EEB54A5 /* [CP] Embed Pods Frameworks */ = {
			isa = PBXShellScriptBuildPhase;
			buildActionMask = 2147483647;
			files = (
			);
			inputPaths = (
			);
			name = "[CP] Embed Pods Frameworks";
			outputPaths = (
			);
			runOnlyForDeploymentPostprocessing = 0;
			shellPath = /bin/sh;
			shellScript = "\"${SRCROOT}/Pods/Target Support Files/Pods-TodoReduxUITests/Pods-TodoReduxUITests-frameworks.sh\"\n";
			showEnvVarsInLog = 0;
		};
		632FB2D8E6C02CB24B95DC2F /* [CP] Copy Pods Resources */ = {
			isa = PBXShellScriptBuildPhase;
			buildActionMask = 2147483647;
			files = (
			);
			inputPaths = (
			);
			name = "[CP] Copy Pods Resources";
			outputPaths = (
			);
			runOnlyForDeploymentPostprocessing = 0;
			shellPath = /bin/sh;
			shellScript = "\"${SRCROOT}/Pods/Target Support Files/Pods-TodoRedux/Pods-TodoRedux-resources.sh\"\n";
			showEnvVarsInLog = 0;
		};
		7DC11E4F0E88EAC3761CD917 /* [CP] Embed Pods Frameworks */ = {
			isa = PBXShellScriptBuildPhase;
			buildActionMask = 2147483647;
			files = (
			);
			inputPaths = (
				"${SRCROOT}/Pods/Target Support Files/Pods-TodoRedux/Pods-TodoRedux-frameworks.sh",
				"${BUILT_PRODUCTS_DIR}/ReSwift/ReSwift.framework",
			);
			name = "[CP] Embed Pods Frameworks";
			outputPaths = (
				"${TARGET_BUILD_DIR}/${FRAMEWORKS_FOLDER_PATH}/ReSwift.framework",
			);
			runOnlyForDeploymentPostprocessing = 0;
			shellPath = /bin/sh;
			shellScript = "\"${SRCROOT}/Pods/Target Support Files/Pods-TodoRedux/Pods-TodoRedux-frameworks.sh\"\n";
			showEnvVarsInLog = 0;
		};
		8C8B807BA9CAB28C9439E43C /* [CP] Check Pods Manifest.lock */ = {
			isa = PBXShellScriptBuildPhase;
			buildActionMask = 2147483647;
			files = (
			);
			inputPaths = (
				"${PODS_PODFILE_DIR_PATH}/Podfile.lock",
				"${PODS_ROOT}/Manifest.lock",
			);
			name = "[CP] Check Pods Manifest.lock";
			outputPaths = (
				"$(DERIVED_FILE_DIR)/Pods-TodoReduxTests-checkManifestLockResult.txt",
			);
			runOnlyForDeploymentPostprocessing = 0;
			shellPath = /bin/sh;
			shellScript = "diff \"${PODS_PODFILE_DIR_PATH}/Podfile.lock\" \"${PODS_ROOT}/Manifest.lock\" > /dev/null\nif [ $? != 0 ] ; then\n    # print error to STDERR\n    echo \"error: The sandbox is not in sync with the Podfile.lock. Run 'pod install' or update your CocoaPods installation.\" >&2\n    exit 1\nfi\n# This output is used by Xcode 'outputs' to avoid re-running this script phase.\necho \"SUCCESS\" > \"${SCRIPT_OUTPUT_FILE_0}\"\n";
			showEnvVarsInLog = 0;
		};
		8FC888C76BA16B5461A8C77D /* [CP] Check Pods Manifest.lock */ = {
			isa = PBXShellScriptBuildPhase;
			buildActionMask = 2147483647;
			files = (
			);
			inputPaths = (
				"${PODS_PODFILE_DIR_PATH}/Podfile.lock",
				"${PODS_ROOT}/Manifest.lock",
			);
			name = "[CP] Check Pods Manifest.lock";
			outputPaths = (
				"$(DERIVED_FILE_DIR)/Pods-TodoReduxUITests-checkManifestLockResult.txt",
			);
			runOnlyForDeploymentPostprocessing = 0;
			shellPath = /bin/sh;
			shellScript = "diff \"${PODS_PODFILE_DIR_PATH}/Podfile.lock\" \"${PODS_ROOT}/Manifest.lock\" > /dev/null\nif [ $? != 0 ] ; then\n    # print error to STDERR\n    echo \"error: The sandbox is not in sync with the Podfile.lock. Run 'pod install' or update your CocoaPods installation.\" >&2\n    exit 1\nfi\n# This output is used by Xcode 'outputs' to avoid re-running this script phase.\necho \"SUCCESS\" > \"${SCRIPT_OUTPUT_FILE_0}\"\n";
			showEnvVarsInLog = 0;
		};
		9C246EAA6EA36DD966580A63 /* [CP] Check Pods Manifest.lock */ = {
			isa = PBXShellScriptBuildPhase;
			buildActionMask = 2147483647;
			files = (
			);
			inputPaths = (
				"${PODS_PODFILE_DIR_PATH}/Podfile.lock",
				"${PODS_ROOT}/Manifest.lock",
			);
			name = "[CP] Check Pods Manifest.lock";
			outputPaths = (
				"$(DERIVED_FILE_DIR)/Pods-TodoRedux-checkManifestLockResult.txt",
			);
			runOnlyForDeploymentPostprocessing = 0;
			shellPath = /bin/sh;
			shellScript = "diff \"${PODS_PODFILE_DIR_PATH}/Podfile.lock\" \"${PODS_ROOT}/Manifest.lock\" > /dev/null\nif [ $? != 0 ] ; then\n    # print error to STDERR\n    echo \"error: The sandbox is not in sync with the Podfile.lock. Run 'pod install' or update your CocoaPods installation.\" >&2\n    exit 1\nfi\n# This output is used by Xcode 'outputs' to avoid re-running this script phase.\necho \"SUCCESS\" > \"${SCRIPT_OUTPUT_FILE_0}\"\n";
			showEnvVarsInLog = 0;
		};
		D8524966927DAFB3DB41B9B4 /* [CP] Copy Pods Resources */ = {
			isa = PBXShellScriptBuildPhase;
			buildActionMask = 2147483647;
			files = (
			);
			inputPaths = (
			);
			name = "[CP] Copy Pods Resources";
			outputPaths = (
			);
			runOnlyForDeploymentPostprocessing = 0;
			shellPath = /bin/sh;
			shellScript = "\"${SRCROOT}/Pods/Target Support Files/Pods-TodoReduxTests/Pods-TodoReduxTests-resources.sh\"\n";
			showEnvVarsInLog = 0;
		};
		F6CD723130D3A56554C9C6CA /* [CP] Copy Pods Resources */ = {
			isa = PBXShellScriptBuildPhase;
			buildActionMask = 2147483647;
			files = (
			);
			inputPaths = (
			);
			name = "[CP] Copy Pods Resources";
			outputPaths = (
			);
			runOnlyForDeploymentPostprocessing = 0;
			shellPath = /bin/sh;
			shellScript = "\"${SRCROOT}/Pods/Target Support Files/Pods-TodoReduxUITests/Pods-TodoReduxUITests-resources.sh\"\n";
			showEnvVarsInLog = 0;
		};
/* End PBXShellScriptBuildPhase section */

/* Begin PBXSourcesBuildPhase section */
		F1055A531FDA8E78001FD06F /* Sources */ = {
			isa = PBXSourcesBuildPhase;
			buildActionMask = 2147483647;
			files = (
				F1055A771FDA8E87001FD06F /* TodoItem+CoreDataClass.swift in Sources */,
				F1055A761FDA8E82001FD06F /* TodoItem+CoreDataProperties.swift in Sources */,
				F1055A781FDA8E8B001FD06F /* TodoRedux.xcdatamodeld in Sources */,
			);
			runOnlyForDeploymentPostprocessing = 0;
		};
		F1055A5C1FDA8E79001FD06F /* Sources */ = {
			isa = PBXSourcesBuildPhase;
			buildActionMask = 2147483647;
			files = (
				F1055A681FDA8E79001FD06F /* TodoReduxKitTests.swift in Sources */,
			);
			runOnlyForDeploymentPostprocessing = 0;
		};
		F18E924A1FD4CF9D00553597 /* Sources */ = {
			isa = PBXSourcesBuildPhase;
			buildActionMask = 2147483647;
			files = (
				F1055A501FDA1BDA001FD06F /* TodoItem+CoreDataClass.swift in Sources */,
				F18E92541FD4CF9D00553597 /* ViewController.swift in Sources */,
				F18E92521FD4CF9D00553597 /* AppDelegate.swift in Sources */,
				F18E925A1FD4CF9D00553597 /* TodoRedux.xcdatamodeld in Sources */,
				F1055A521FDA1BDE001FD06F /* TodoItem+CoreDataProperties.swift in Sources */,
			);
			runOnlyForDeploymentPostprocessing = 0;
		};
		F18E92611FD4CF9D00553597 /* Sources */ = {
			isa = PBXSourcesBuildPhase;
			buildActionMask = 2147483647;
			files = (
				F18E926A1FD4CF9D00553597 /* TodoReduxTests.swift in Sources */,
			);
			runOnlyForDeploymentPostprocessing = 0;
		};
		F18E926C1FD4CF9D00553597 /* Sources */ = {
			isa = PBXSourcesBuildPhase;
			buildActionMask = 2147483647;
			files = (
				F18E92751FD4CF9D00553597 /* TodoReduxUITests.swift in Sources */,
			);
			runOnlyForDeploymentPostprocessing = 0;
		};
/* End PBXSourcesBuildPhase section */

/* Begin PBXTargetDependency section */
		F1055A631FDA8E79001FD06F /* PBXTargetDependency */ = {
			isa = PBXTargetDependency;
			target = F1055A571FDA8E78001FD06F /* TodoReduxKit */;
			targetProxy = F1055A621FDA8E79001FD06F /* PBXContainerItemProxy */;
		};
		F1055A651FDA8E79001FD06F /* PBXTargetDependency */ = {
			isa = PBXTargetDependency;
			target = F18E924D1FD4CF9D00553597 /* TodoRedux */;
			targetProxy = F1055A641FDA8E79001FD06F /* PBXContainerItemProxy */;
		};
		F1055A6C1FDA8E79001FD06F /* PBXTargetDependency */ = {
			isa = PBXTargetDependency;
			target = F1055A571FDA8E78001FD06F /* TodoReduxKit */;
			targetProxy = F1055A6B1FDA8E79001FD06F /* PBXContainerItemProxy */;
		};
		F18E92671FD4CF9D00553597 /* PBXTargetDependency */ = {
			isa = PBXTargetDependency;
			target = F18E924D1FD4CF9D00553597 /* TodoRedux */;
			targetProxy = F18E92661FD4CF9D00553597 /* PBXContainerItemProxy */;
		};
		F18E92721FD4CF9D00553597 /* PBXTargetDependency */ = {
			isa = PBXTargetDependency;
			target = F18E924D1FD4CF9D00553597 /* TodoRedux */;
			targetProxy = F18E92711FD4CF9D00553597 /* PBXContainerItemProxy */;
		};
/* End PBXTargetDependency section */

/* Begin PBXVariantGroup section */
		F18E92551FD4CF9D00553597 /* Main.storyboard */ = {
			isa = PBXVariantGroup;
			children = (
				F18E92561FD4CF9D00553597 /* Base */,
			);
			name = Main.storyboard;
			sourceTree = "<group>";
		};
		F18E925D1FD4CF9D00553597 /* LaunchScreen.storyboard */ = {
			isa = PBXVariantGroup;
			children = (
				F18E925E1FD4CF9D00553597 /* Base */,
			);
			name = LaunchScreen.storyboard;
			sourceTree = "<group>";
		};
/* End PBXVariantGroup section */

/* Begin XCBuildConfiguration section */
		F1055A6F1FDA8E79001FD06F /* Debug */ = {
			isa = XCBuildConfiguration;
			buildSettings = {
				CODE_SIGN_IDENTITY = "";
				CODE_SIGN_STYLE = Automatic;
				CURRENT_PROJECT_VERSION = 1;
				DEFINES_MODULE = YES;
				DEVELOPMENT_TEAM = FCFUAUMXPQ;
				DYLIB_COMPATIBILITY_VERSION = 1;
				DYLIB_CURRENT_VERSION = 1;
				DYLIB_INSTALL_NAME_BASE = "@rpath";
				INFOPLIST_FILE = TodoReduxKit/Info.plist;
				INSTALL_PATH = "$(LOCAL_LIBRARY_DIR)/Frameworks";
				IPHONEOS_DEPLOYMENT_TARGET = 11.2;
				LD_RUNPATH_SEARCH_PATHS = "$(inherited) @executable_path/Frameworks @loader_path/Frameworks";
				PRODUCT_BUNDLE_IDENTIFIER = com.galtsoft.com.TodoReduxKit;
				PRODUCT_NAME = "$(TARGET_NAME:c99extidentifier)";
				SKIP_INSTALL = YES;
				SWIFT_VERSION = 4.0;
				TARGETED_DEVICE_FAMILY = "1,2";
				VERSIONING_SYSTEM = "apple-generic";
				VERSION_INFO_PREFIX = "";
			};
			name = Debug;
		};
		F1055A701FDA8E79001FD06F /* Release */ = {
			isa = XCBuildConfiguration;
			buildSettings = {
				CODE_SIGN_IDENTITY = "";
				CODE_SIGN_STYLE = Automatic;
				CURRENT_PROJECT_VERSION = 1;
				DEFINES_MODULE = YES;
				DEVELOPMENT_TEAM = FCFUAUMXPQ;
				DYLIB_COMPATIBILITY_VERSION = 1;
				DYLIB_CURRENT_VERSION = 1;
				DYLIB_INSTALL_NAME_BASE = "@rpath";
				INFOPLIST_FILE = TodoReduxKit/Info.plist;
				INSTALL_PATH = "$(LOCAL_LIBRARY_DIR)/Frameworks";
				IPHONEOS_DEPLOYMENT_TARGET = 11.2;
				LD_RUNPATH_SEARCH_PATHS = "$(inherited) @executable_path/Frameworks @loader_path/Frameworks";
				PRODUCT_BUNDLE_IDENTIFIER = com.galtsoft.com.TodoReduxKit;
				PRODUCT_NAME = "$(TARGET_NAME:c99extidentifier)";
				SKIP_INSTALL = YES;
				SWIFT_VERSION = 4.0;
				TARGETED_DEVICE_FAMILY = "1,2";
				VERSIONING_SYSTEM = "apple-generic";
				VERSION_INFO_PREFIX = "";
			};
			name = Release;
		};
		F1055A711FDA8E79001FD06F /* Debug */ = {
			isa = XCBuildConfiguration;
			buildSettings = {
				ALWAYS_EMBED_SWIFT_STANDARD_LIBRARIES = YES;
				CODE_SIGN_STYLE = Automatic;
				INFOPLIST_FILE = TodoReduxKitTests/Info.plist;
				IPHONEOS_DEPLOYMENT_TARGET = 11.2;
				LD_RUNPATH_SEARCH_PATHS = "$(inherited) @executable_path/Frameworks @loader_path/Frameworks";
				PRODUCT_BUNDLE_IDENTIFIER = com.galtsoft.com.TodoReduxKitTests;
				PRODUCT_NAME = "$(TARGET_NAME)";
				SWIFT_VERSION = 4.0;
				TARGETED_DEVICE_FAMILY = "1,2";
				TEST_HOST = "$(BUILT_PRODUCTS_DIR)/TodoRedux.app/TodoRedux";
			};
			name = Debug;
		};
		F1055A721FDA8E79001FD06F /* Release */ = {
			isa = XCBuildConfiguration;
			buildSettings = {
				ALWAYS_EMBED_SWIFT_STANDARD_LIBRARIES = YES;
				CODE_SIGN_STYLE = Automatic;
				INFOPLIST_FILE = TodoReduxKitTests/Info.plist;
				IPHONEOS_DEPLOYMENT_TARGET = 11.2;
				LD_RUNPATH_SEARCH_PATHS = "$(inherited) @executable_path/Frameworks @loader_path/Frameworks";
				PRODUCT_BUNDLE_IDENTIFIER = com.galtsoft.com.TodoReduxKitTests;
				PRODUCT_NAME = "$(TARGET_NAME)";
				SWIFT_VERSION = 4.0;
				TARGETED_DEVICE_FAMILY = "1,2";
				TEST_HOST = "$(BUILT_PRODUCTS_DIR)/TodoRedux.app/TodoRedux";
			};
			name = Release;
		};
		F18E92771FD4CF9D00553597 /* Debug */ = {
			isa = XCBuildConfiguration;
			buildSettings = {
				ALWAYS_SEARCH_USER_PATHS = NO;
				CLANG_ANALYZER_NONNULL = YES;
				CLANG_ANALYZER_NUMBER_OBJECT_CONVERSION = YES_AGGRESSIVE;
				CLANG_CXX_LANGUAGE_STANDARD = "gnu++14";
				CLANG_CXX_LIBRARY = "libc++";
				CLANG_ENABLE_MODULES = YES;
				CLANG_ENABLE_OBJC_ARC = YES;
				CLANG_WARN_BLOCK_CAPTURE_AUTORELEASING = YES;
				CLANG_WARN_BOOL_CONVERSION = YES;
				CLANG_WARN_COMMA = YES;
				CLANG_WARN_CONSTANT_CONVERSION = YES;
				CLANG_WARN_DIRECT_OBJC_ISA_USAGE = YES_ERROR;
				CLANG_WARN_DOCUMENTATION_COMMENTS = YES;
				CLANG_WARN_EMPTY_BODY = YES;
				CLANG_WARN_ENUM_CONVERSION = YES;
				CLANG_WARN_INFINITE_RECURSION = YES;
				CLANG_WARN_INT_CONVERSION = YES;
				CLANG_WARN_NON_LITERAL_NULL_CONVERSION = YES;
				CLANG_WARN_OBJC_LITERAL_CONVERSION = YES;
				CLANG_WARN_OBJC_ROOT_CLASS = YES_ERROR;
				CLANG_WARN_RANGE_LOOP_ANALYSIS = YES;
				CLANG_WARN_STRICT_PROTOTYPES = YES;
				CLANG_WARN_SUSPICIOUS_MOVE = YES;
				CLANG_WARN_UNGUARDED_AVAILABILITY = YES_AGGRESSIVE;
				CLANG_WARN_UNREACHABLE_CODE = YES;
				CLANG_WARN__DUPLICATE_METHOD_MATCH = YES;
				CODE_SIGN_IDENTITY = "iPhone Developer";
				COPY_PHASE_STRIP = NO;
				DEBUG_INFORMATION_FORMAT = dwarf;
				ENABLE_STRICT_OBJC_MSGSEND = YES;
				ENABLE_TESTABILITY = YES;
				GCC_C_LANGUAGE_STANDARD = gnu11;
				GCC_DYNAMIC_NO_PIC = NO;
				GCC_NO_COMMON_BLOCKS = YES;
				GCC_OPTIMIZATION_LEVEL = 0;
				GCC_PREPROCESSOR_DEFINITIONS = (
					"DEBUG=1",
					"$(inherited)",
				);
				GCC_WARN_64_TO_32_BIT_CONVERSION = YES;
				GCC_WARN_ABOUT_RETURN_TYPE = YES_ERROR;
				GCC_WARN_UNDECLARED_SELECTOR = YES;
				GCC_WARN_UNINITIALIZED_AUTOS = YES_AGGRESSIVE;
				GCC_WARN_UNUSED_FUNCTION = YES;
				GCC_WARN_UNUSED_VARIABLE = YES;
				IPHONEOS_DEPLOYMENT_TARGET = 11.1;
				MTL_ENABLE_DEBUG_INFO = YES;
				ONLY_ACTIVE_ARCH = YES;
				SDKROOT = iphoneos;
				SWIFT_ACTIVE_COMPILATION_CONDITIONS = DEBUG;
				SWIFT_OPTIMIZATION_LEVEL = "-Onone";
			};
			name = Debug;
		};
		F18E92781FD4CF9D00553597 /* Release */ = {
			isa = XCBuildConfiguration;
			buildSettings = {
				ALWAYS_SEARCH_USER_PATHS = NO;
				CLANG_ANALYZER_NONNULL = YES;
				CLANG_ANALYZER_NUMBER_OBJECT_CONVERSION = YES_AGGRESSIVE;
				CLANG_CXX_LANGUAGE_STANDARD = "gnu++14";
				CLANG_CXX_LIBRARY = "libc++";
				CLANG_ENABLE_MODULES = YES;
				CLANG_ENABLE_OBJC_ARC = YES;
				CLANG_WARN_BLOCK_CAPTURE_AUTORELEASING = YES;
				CLANG_WARN_BOOL_CONVERSION = YES;
				CLANG_WARN_COMMA = YES;
				CLANG_WARN_CONSTANT_CONVERSION = YES;
				CLANG_WARN_DIRECT_OBJC_ISA_USAGE = YES_ERROR;
				CLANG_WARN_DOCUMENTATION_COMMENTS = YES;
				CLANG_WARN_EMPTY_BODY = YES;
				CLANG_WARN_ENUM_CONVERSION = YES;
				CLANG_WARN_INFINITE_RECURSION = YES;
				CLANG_WARN_INT_CONVERSION = YES;
				CLANG_WARN_NON_LITERAL_NULL_CONVERSION = YES;
				CLANG_WARN_OBJC_LITERAL_CONVERSION = YES;
				CLANG_WARN_OBJC_ROOT_CLASS = YES_ERROR;
				CLANG_WARN_RANGE_LOOP_ANALYSIS = YES;
				CLANG_WARN_STRICT_PROTOTYPES = YES;
				CLANG_WARN_SUSPICIOUS_MOVE = YES;
				CLANG_WARN_UNGUARDED_AVAILABILITY = YES_AGGRESSIVE;
				CLANG_WARN_UNREACHABLE_CODE = YES;
				CLANG_WARN__DUPLICATE_METHOD_MATCH = YES;
				CODE_SIGN_IDENTITY = "iPhone Developer";
				COPY_PHASE_STRIP = NO;
				DEBUG_INFORMATION_FORMAT = "dwarf-with-dsym";
				ENABLE_NS_ASSERTIONS = NO;
				ENABLE_STRICT_OBJC_MSGSEND = YES;
				GCC_C_LANGUAGE_STANDARD = gnu11;
				GCC_NO_COMMON_BLOCKS = YES;
				GCC_WARN_64_TO_32_BIT_CONVERSION = YES;
				GCC_WARN_ABOUT_RETURN_TYPE = YES_ERROR;
				GCC_WARN_UNDECLARED_SELECTOR = YES;
				GCC_WARN_UNINITIALIZED_AUTOS = YES_AGGRESSIVE;
				GCC_WARN_UNUSED_FUNCTION = YES;
				GCC_WARN_UNUSED_VARIABLE = YES;
				IPHONEOS_DEPLOYMENT_TARGET = 11.1;
				MTL_ENABLE_DEBUG_INFO = NO;
				SDKROOT = iphoneos;
				SWIFT_OPTIMIZATION_LEVEL = "-Owholemodule";
				VALIDATE_PRODUCT = YES;
			};
			name = Release;
		};
		F18E927A1FD4CF9D00553597 /* Debug */ = {
			isa = XCBuildConfiguration;
			baseConfigurationReference = B590080730A23DC680321D04 /* Pods-TodoRedux.debug.xcconfig */;
			buildSettings = {
				ALWAYS_EMBED_SWIFT_STANDARD_LIBRARIES = YES;
				ASSETCATALOG_COMPILER_APPICON_NAME = AppIcon;
				CODE_SIGN_STYLE = Automatic;
				DEVELOPMENT_TEAM = FCFUAUMXPQ;
				INFOPLIST_FILE = TodoRedux/Info.plist;
				LD_RUNPATH_SEARCH_PATHS = "$(inherited) @executable_path/Frameworks";
				PRODUCT_BUNDLE_IDENTIFIER = org.andrewhalls.TodoRedux;
				PRODUCT_NAME = "$(TARGET_NAME)";
				SWIFT_VERSION = 4.0;
				TARGETED_DEVICE_FAMILY = "1,2";
			};
			name = Debug;
		};
		F18E927B1FD4CF9D00553597 /* Release */ = {
			isa = XCBuildConfiguration;
			baseConfigurationReference = 376285D1153ECE8D6EEEE26E /* Pods-TodoRedux.release.xcconfig */;
			buildSettings = {
				ALWAYS_EMBED_SWIFT_STANDARD_LIBRARIES = YES;
				ASSETCATALOG_COMPILER_APPICON_NAME = AppIcon;
				CODE_SIGN_STYLE = Automatic;
				DEVELOPMENT_TEAM = FCFUAUMXPQ;
				INFOPLIST_FILE = TodoRedux/Info.plist;
				LD_RUNPATH_SEARCH_PATHS = "$(inherited) @executable_path/Frameworks";
				PRODUCT_BUNDLE_IDENTIFIER = org.andrewhalls.TodoRedux;
				PRODUCT_NAME = "$(TARGET_NAME)";
				SWIFT_VERSION = 4.0;
				TARGETED_DEVICE_FAMILY = "1,2";
			};
			name = Release;
		};
		F18E927D1FD4CF9D00553597 /* Debug */ = {
			isa = XCBuildConfiguration;
			baseConfigurationReference = F72349B1E8E2DF69E57A4C1D /* Pods-TodoReduxTests.debug.xcconfig */;
			buildSettings = {
				ALWAYS_EMBED_SWIFT_STANDARD_LIBRARIES = YES;
				BUNDLE_LOADER = "$(TEST_HOST)";
				CODE_SIGN_STYLE = Automatic;
				INFOPLIST_FILE = TodoReduxTests/Info.plist;
				LD_RUNPATH_SEARCH_PATHS = "$(inherited) @executable_path/Frameworks @loader_path/Frameworks";
				PRODUCT_BUNDLE_IDENTIFIER = org.andrewhalls.TodoReduxTests;
				PRODUCT_NAME = "$(TARGET_NAME)";
				SWIFT_VERSION = 4.0;
				TARGETED_DEVICE_FAMILY = "1,2";
				TEST_HOST = "$(BUILT_PRODUCTS_DIR)/TodoRedux.app/TodoRedux";
			};
			name = Debug;
		};
		F18E927E1FD4CF9D00553597 /* Release */ = {
			isa = XCBuildConfiguration;
			baseConfigurationReference = 8CA8FC2730C417060B069CBC /* Pods-TodoReduxTests.release.xcconfig */;
			buildSettings = {
				ALWAYS_EMBED_SWIFT_STANDARD_LIBRARIES = YES;
				BUNDLE_LOADER = "$(TEST_HOST)";
				CODE_SIGN_STYLE = Automatic;
				INFOPLIST_FILE = TodoReduxTests/Info.plist;
				LD_RUNPATH_SEARCH_PATHS = "$(inherited) @executable_path/Frameworks @loader_path/Frameworks";
				PRODUCT_BUNDLE_IDENTIFIER = org.andrewhalls.TodoReduxTests;
				PRODUCT_NAME = "$(TARGET_NAME)";
				SWIFT_VERSION = 4.0;
				TARGETED_DEVICE_FAMILY = "1,2";
				TEST_HOST = "$(BUILT_PRODUCTS_DIR)/TodoRedux.app/TodoRedux";
			};
			name = Release;
		};
		F18E92801FD4CF9D00553597 /* Debug */ = {
			isa = XCBuildConfiguration;
			baseConfigurationReference = 81F0C3937A0C7A00502E82A0 /* Pods-TodoReduxUITests.debug.xcconfig */;
			buildSettings = {
				ALWAYS_EMBED_SWIFT_STANDARD_LIBRARIES = YES;
				CODE_SIGN_STYLE = Automatic;
				INFOPLIST_FILE = TodoReduxUITests/Info.plist;
				LD_RUNPATH_SEARCH_PATHS = "$(inherited) @executable_path/Frameworks @loader_path/Frameworks";
				PRODUCT_BUNDLE_IDENTIFIER = org.andrewhalls.TodoReduxUITests;
				PRODUCT_NAME = "$(TARGET_NAME)";
				SWIFT_VERSION = 4.0;
				TARGETED_DEVICE_FAMILY = "1,2";
				TEST_TARGET_NAME = TodoRedux;
			};
			name = Debug;
		};
		F18E92811FD4CF9D00553597 /* Release */ = {
			isa = XCBuildConfiguration;
			baseConfigurationReference = ED19BDD6E1315BCE40BB0D79 /* Pods-TodoReduxUITests.release.xcconfig */;
			buildSettings = {
				ALWAYS_EMBED_SWIFT_STANDARD_LIBRARIES = YES;
				CODE_SIGN_STYLE = Automatic;
				INFOPLIST_FILE = TodoReduxUITests/Info.plist;
				LD_RUNPATH_SEARCH_PATHS = "$(inherited) @executable_path/Frameworks @loader_path/Frameworks";
				PRODUCT_BUNDLE_IDENTIFIER = org.andrewhalls.TodoReduxUITests;
				PRODUCT_NAME = "$(TARGET_NAME)";
				SWIFT_VERSION = 4.0;
				TARGETED_DEVICE_FAMILY = "1,2";
				TEST_TARGET_NAME = TodoRedux;
			};
			name = Release;
		};
/* End XCBuildConfiguration section */

/* Begin XCConfigurationList section */
		F1055A731FDA8E79001FD06F /* Build configuration list for PBXNativeTarget "TodoReduxKit" */ = {
			isa = XCConfigurationList;
			buildConfigurations = (
				F1055A6F1FDA8E79001FD06F /* Debug */,
				F1055A701FDA8E79001FD06F /* Release */,
			);
			defaultConfigurationIsVisible = 0;
			defaultConfigurationName = Release;
		};
		F1055A751FDA8E79001FD06F /* Build configuration list for PBXNativeTarget "TodoReduxKitTests" */ = {
			isa = XCConfigurationList;
			buildConfigurations = (
				F1055A711FDA8E79001FD06F /* Debug */,
				F1055A721FDA8E79001FD06F /* Release */,
			);
			defaultConfigurationIsVisible = 0;
			defaultConfigurationName = Release;
		};
		F18E92491FD4CF9D00553597 /* Build configuration list for PBXProject "TodoRedux" */ = {
			isa = XCConfigurationList;
			buildConfigurations = (
				F18E92771FD4CF9D00553597 /* Debug */,
				F18E92781FD4CF9D00553597 /* Release */,
			);
			defaultConfigurationIsVisible = 0;
			defaultConfigurationName = Release;
		};
		F18E92791FD4CF9D00553597 /* Build configuration list for PBXNativeTarget "TodoRedux" */ = {
			isa = XCConfigurationList;
			buildConfigurations = (
				F18E927A1FD4CF9D00553597 /* Debug */,
				F18E927B1FD4CF9D00553597 /* Release */,
			);
			defaultConfigurationIsVisible = 0;
			defaultConfigurationName = Release;
		};
		F18E927C1FD4CF9D00553597 /* Build configuration list for PBXNativeTarget "TodoReduxTests" */ = {
			isa = XCConfigurationList;
			buildConfigurations = (
				F18E927D1FD4CF9D00553597 /* Debug */,
				F18E927E1FD4CF9D00553597 /* Release */,
			);
			defaultConfigurationIsVisible = 0;
			defaultConfigurationName = Release;
		};
		F18E927F1FD4CF9D00553597 /* Build configuration list for PBXNativeTarget "TodoReduxUITests" */ = {
			isa = XCConfigurationList;
			buildConfigurations = (
				F18E92801FD4CF9D00553597 /* Debug */,
				F18E92811FD4CF9D00553597 /* Release */,
			);
			defaultConfigurationIsVisible = 0;
			defaultConfigurationName = Release;
		};
/* End XCConfigurationList section */

/* Begin XCVersionGroup section */
		F18E92581FD4CF9D00553597 /* TodoRedux.xcdatamodeld */ = {
			isa = XCVersionGroup;
			children = (
				F18E92591FD4CF9D00553597 /* TodoRedux.xcdatamodel */,
			);
			currentVersion = F18E92591FD4CF9D00553597 /* TodoRedux.xcdatamodel */;
			path = TodoRedux.xcdatamodeld;
			sourceTree = "<group>";
			versionGroupType = wrapper.xcdatamodel;
		};
/* End XCVersionGroup section */
	};
	rootObject = F18E92461FD4CF9D00553597 /* Project object */;
}
